
Microsoft Visual Studio Solution File, Format Version 12.00
# Visual Studio 15
VisualStudioVersion = 15.0.28307.136
MinimumVisualStudioVersion = 10.0.40219.1
Project("{8BC9CEB8-8B4A-11D0-8D11-00A0C91BC942}") = "NonEuclideanSpaceRayTracing", "NonEuclideanSpaceRayTracing\NonEuclideanSpaceRayTracing.vcxproj", "{FEF177AC-E809-4691-9D62-50BFA9BFF84D}"
EndProject
Project("{8BC9CEB8-8B4A-11D0-8D11-00A0C91BC942}") = "FalcorSharedObjects", "falcor\Framework\FalcorSharedObjects\FalcorSharedObjects.vcxproj", "{2C535635-E4C5-4098-A928-574F0E7CD5F9}"
EndProject
Project("{8BC9CEB8-8B4A-11D0-8D11-00A0C91BC942}") = "Falcor", "falcor\Framework\Source\Falcor.vcxproj", "{3B602F0E-3834-4F73-B97D-7DFC91597A98}"
EndProject
Project("{8BC9CEB8-8B4A-11D0-8D11-00A0C91BC942}") = "VRPathTracing", "VRPathTracing\VRPathTracing.vcxproj", "{AF97451C-90AA-4302-9843-BAB296192AD7}"
	ProjectSection(ProjectDependencies) = postProject
		{3B602F0E-3834-4F73-B97D-7DFC91597A98} = {3B602F0E-3834-4F73-B97D-7DFC91597A98}
		{2C535635-E4C5-4098-A928-574F0E7CD5F9} = {2C535635-E4C5-4098-A928-574F0E7CD5F9}
	EndProjectSection
EndProject
Global
	GlobalSection(SolutionConfigurationPlatforms) = preSolution
		Debug|x64 = Debug|x64
		Debug|x86 = Debug|x86
		DebugD3D12|x64 = DebugD3D12|x64
		DebugD3D12|x86 = DebugD3D12|x86
		DebugVK|x64 = DebugVK|x64
		DebugVK|x86 = DebugVK|x86
		Release|x64 = Release|x64
		Release|x86 = Release|x86
		ReleaseD3D12|x64 = ReleaseD3D12|x64
		ReleaseD3D12|x86 = ReleaseD3D12|x86
		ReleaseVK|x64 = ReleaseVK|x64
		ReleaseVK|x86 = ReleaseVK|x86
	EndGlobalSection
	GlobalSection(ProjectConfigurationPlatforms) = postSolution
		{FEF177AC-E809-4691-9D62-50BFA9BFF84D}.Debug|x64.ActiveCfg = Debug|x64
		{FEF177AC-E809-4691-9D62-50BFA9BFF84D}.Debug|x64.Build.0 = Debug|x64
		{FEF177AC-E809-4691-9D62-50BFA9BFF84D}.Debug|x86.ActiveCfg = Debug|Win32
		{FEF177AC-E809-4691-9D62-50BFA9BFF84D}.Debug|x86.Build.0 = Debug|Win32
		{FEF177AC-E809-4691-9D62-50BFA9BFF84D}.DebugD3D12|x64.ActiveCfg = Debug|x64
		{FEF177AC-E809-4691-9D62-50BFA9BFF84D}.DebugD3D12|x64.Build.0 = Debug|x64
		{FEF177AC-E809-4691-9D62-50BFA9BFF84D}.DebugD3D12|x86.ActiveCfg = Debug|Win32
		{FEF177AC-E809-4691-9D62-50BFA9BFF84D}.DebugD3D12|x86.Build.0 = Debug|Win32
		{FEF177AC-E809-4691-9D62-50BFA9BFF84D}.DebugVK|x64.ActiveCfg = Debug|x64
		{FEF177AC-E809-4691-9D62-50BFA9BFF84D}.DebugVK|x64.Build.0 = Debug|x64
		{FEF177AC-E809-4691-9D62-50BFA9BFF84D}.DebugVK|x86.ActiveCfg = Debug|Win32
		{FEF177AC-E809-4691-9D62-50BFA9BFF84D}.DebugVK|x86.Build.0 = Debug|Win32
		{FEF177AC-E809-4691-9D62-50BFA9BFF84D}.Release|x64.ActiveCfg = Release|x64
		{FEF177AC-E809-4691-9D62-50BFA9BFF84D}.Release|x64.Build.0 = Release|x64
		{FEF177AC-E809-4691-9D62-50BFA9BFF84D}.Release|x86.ActiveCfg = Release|Win32
		{FEF177AC-E809-4691-9D62-50BFA9BFF84D}.Release|x86.Build.0 = Release|Win32
		{FEF177AC-E809-4691-9D62-50BFA9BFF84D}.ReleaseD3D12|x64.ActiveCfg = Release|x64
		{FEF177AC-E809-4691-9D62-50BFA9BFF84D}.ReleaseD3D12|x64.Build.0 = Release|x64
		{FEF177AC-E809-4691-9D62-50BFA9BFF84D}.ReleaseD3D12|x86.ActiveCfg = Release|Win32
		{FEF177AC-E809-4691-9D62-50BFA9BFF84D}.ReleaseD3D12|x86.Build.0 = Release|Win32
		{FEF177AC-E809-4691-9D62-50BFA9BFF84D}.ReleaseVK|x64.ActiveCfg = Release|x64
		{FEF177AC-E809-4691-9D62-50BFA9BFF84D}.ReleaseVK|x64.Build.0 = Release|x64
		{FEF177AC-E809-4691-9D62-50BFA9BFF84D}.ReleaseVK|x86.ActiveCfg = Release|Win32
		{FEF177AC-E809-4691-9D62-50BFA9BFF84D}.ReleaseVK|x86.Build.0 = Release|Win32
		{2C535635-E4C5-4098-A928-574F0E7CD5F9}.Debug|x64.ActiveCfg = DebugVK|x64
		{2C535635-E4C5-4098-A928-574F0E7CD5F9}.Debug|x64.Build.0 = DebugVK|x64
		{2C535635-E4C5-4098-A928-574F0E7CD5F9}.Debug|x86.ActiveCfg = ReleaseVK|x64
		{2C535635-E4C5-4098-A928-574F0E7CD5F9}.Debug|x86.Build.0 = ReleaseVK|x64
		{2C535635-E4C5-4098-A928-574F0E7CD5F9}.DebugD3D12|x64.ActiveCfg = DebugD3D12|x64
		{2C535635-E4C5-4098-A928-574F0E7CD5F9}.DebugD3D12|x64.Build.0 = DebugD3D12|x64
		{2C535635-E4C5-4098-A928-574F0E7CD5F9}.DebugD3D12|x86.ActiveCfg = DebugD3D12|x64
		{2C535635-E4C5-4098-A928-574F0E7CD5F9}.DebugVK|x64.ActiveCfg = DebugVK|x64
		{2C535635-E4C5-4098-A928-574F0E7CD5F9}.DebugVK|x64.Build.0 = DebugVK|x64
		{2C535635-E4C5-4098-A928-574F0E7CD5F9}.DebugVK|x86.ActiveCfg = DebugVK|x64
		{2C535635-E4C5-4098-A928-574F0E7CD5F9}.Release|x64.ActiveCfg = ReleaseVK|x64
		{2C535635-E4C5-4098-A928-574F0E7CD5F9}.Release|x64.Build.0 = ReleaseVK|x64
		{2C535635-E4C5-4098-A928-574F0E7CD5F9}.Release|x86.ActiveCfg = ReleaseVK|x64
		{2C535635-E4C5-4098-A928-574F0E7CD5F9}.Release|x86.Build.0 = ReleaseVK|x64
		{2C535635-E4C5-4098-A928-574F0E7CD5F9}.ReleaseD3D12|x64.ActiveCfg = ReleaseD3D12|x64
		{2C535635-E4C5-4098-A928-574F0E7CD5F9}.ReleaseD3D12|x64.Build.0 = ReleaseD3D12|x64
		{2C535635-E4C5-4098-A928-574F0E7CD5F9}.ReleaseD3D12|x86.ActiveCfg = ReleaseD3D12|x64
		{2C535635-E4C5-4098-A928-574F0E7CD5F9}.ReleaseVK|x64.ActiveCfg = ReleaseVK|x64
		{2C535635-E4C5-4098-A928-574F0E7CD5F9}.ReleaseVK|x64.Build.0 = ReleaseVK|x64
		{2C535635-E4C5-4098-A928-574F0E7CD5F9}.ReleaseVK|x86.ActiveCfg = ReleaseVK|x64
		{3B602F0E-3834-4F73-B97D-7DFC91597A98}.Debug|x64.ActiveCfg = DebugVK|x64
		{3B602F0E-3834-4F73-B97D-7DFC91597A98}.Debug|x64.Build.0 = DebugVK|x64
		{3B602F0E-3834-4F73-B97D-7DFC91597A98}.Debug|x86.ActiveCfg = ReleaseVK|x64
		{3B602F0E-3834-4F73-B97D-7DFC91597A98}.Debug|x86.Build.0 = ReleaseVK|x64
		{3B602F0E-3834-4F73-B97D-7DFC91597A98}.DebugD3D12|x64.ActiveCfg = DebugD3D12|x64
		{3B602F0E-3834-4F73-B97D-7DFC91597A98}.DebugD3D12|x64.Build.0 = DebugD3D12|x64
		{3B602F0E-3834-4F73-B97D-7DFC91597A98}.DebugD3D12|x86.ActiveCfg = DebugD3D12|x64
		{3B602F0E-3834-4F73-B97D-7DFC91597A98}.DebugVK|x64.ActiveCfg = DebugVK|x64
		{3B602F0E-3834-4F73-B97D-7DFC91597A98}.DebugVK|x64.Build.0 = DebugVK|x64
		{3B602F0E-3834-4F73-B97D-7DFC91597A98}.DebugVK|x86.ActiveCfg = DebugVK|x64
		{3B602F0E-3834-4F73-B97D-7DFC91597A98}.Release|x64.ActiveCfg = ReleaseVK|x64
		{3B602F0E-3834-4F73-B97D-7DFC91597A98}.Release|x64.Build.0 = ReleaseVK|x64
		{3B602F0E-3834-4F73-B97D-7DFC91597A98}.Release|x86.ActiveCfg = ReleaseVK|x64
		{3B602F0E-3834-4F73-B97D-7DFC91597A98}.Release|x86.Build.0 = ReleaseVK|x64
		{3B602F0E-3834-4F73-B97D-7DFC91597A98}.ReleaseD3D12|x64.ActiveCfg = ReleaseD3D12|x64
		{3B602F0E-3834-4F73-B97D-7DFC91597A98}.ReleaseD3D12|x64.Build.0 = ReleaseD3D12|x64
		{3B602F0E-3834-4F73-B97D-7DFC91597A98}.ReleaseD3D12|x86.ActiveCfg = ReleaseD3D12|x64
		{3B602F0E-3834-4F73-B97D-7DFC91597A98}.ReleaseVK|x64.ActiveCfg = ReleaseVK|x64
		{3B602F0E-3834-4F73-B97D-7DFC91597A98}.ReleaseVK|x64.Build.0 = ReleaseVK|x64
		{3B602F0E-3834-4F73-B97D-7DFC91597A98}.ReleaseVK|x86.ActiveCfg = ReleaseVK|x64
		{AF97451C-90AA-4302-9843-BAB296192AD7}.Debug|x64.ActiveCfg = Debug|x64
		{AF97451C-90AA-4302-9843-BAB296192AD7}.Debug|x64.Build.0 = Debug|x64
		{AF97451C-90AA-4302-9843-BAB296192AD7}.Debug|x86.ActiveCfg = Debug|Win32
		{AF97451C-90AA-4302-9843-BAB296192AD7}.Debug|x86.Build.0 = Debug|Win32
		{AF97451C-90AA-4302-9843-BAB296192AD7}.DebugD3D12|x64.ActiveCfg = Debug|x64
		{AF97451C-90AA-4302-9843-BAB296192AD7}.DebugD3D12|x64.Build.0 = Debug|x64
		{AF97451C-90AA-4302-9843-BAB296192AD7}.DebugD3D12|x86.ActiveCfg = Debug|Win32
		{AF97451C-90AA-4302-9843-BAB296192AD7}.DebugD3D12|x86.Build.0 = Debug|Win32
		{AF97451C-90AA-4302-9843-BAB296192AD7}.DebugVK|x64.ActiveCfg = Debug|x64
		{AF97451C-90AA-4302-9843-BAB296192AD7}.DebugVK|x64.Build.0 = Debug|x64
		{AF97451C-90AA-4302-9843-BAB296192AD7}.DebugVK|x86.ActiveCfg = Debug|Win32
		{AF97451C-90AA-4302-9843-BAB296192AD7}.DebugVK|x86.Build.0 = Debug|Win32
		{AF97451C-90AA-4302-9843-BAB296192AD7}.Release|x64.ActiveCfg = Release|x64
		{AF97451C-90AA-4302-9843-BAB296192AD7}.Release|x64.Build.0 = Release|x64
		{AF97451C-90AA-4302-9843-BAB296192AD7}.Release|x86.ActiveCfg = Release|Win32
		{AF97451C-90AA-4302-9843-BAB296192AD7}.Release|x86.Build.0 = Release|Win32
		{AF97451C-90AA-4302-9843-BAB296192AD7}.ReleaseD3D12|x64.ActiveCfg = Release|x64
		{AF97451C-90AA-4302-9843-BAB296192AD7}.ReleaseD3D12|x64.Build.0 = Release|x64
		{AF97451C-90AA-4302-9843-BAB296192AD7}.ReleaseD3D12|x86.ActiveCfg = Release|Win32
		{AF97451C-90AA-4302-9843-BAB296192AD7}.ReleaseD3D12|x86.Build.0 = Release|Win32
		{AF97451C-90AA-4302-9843-BAB296192AD7}.ReleaseVK|x64.ActiveCfg = Release|x64
		{AF97451C-90AA-4302-9843-BAB296192AD7}.ReleaseVK|x64.Build.0 = Release|x64
		{AF97451C-90AA-4302-9843-BAB296192AD7}.ReleaseVK|x86.ActiveCfg = Release|Win32
		{AF97451C-90AA-4302-9843-BAB296192AD7}.ReleaseVK|x86.Build.0 = Release|Win32
	EndGlobalSection
	GlobalSection(SolutionProperties) = preSolution
		HideSolutionNode = FALSE
	EndGlobalSection
	GlobalSection(ExtensibilityGlobals) = postSolution
		SolutionGuid = {B37DF4B0-8B08-49FD-B832-A5165A6D3B29}
	EndGlobalSection
EndGlobal
